// !$*UTF8*$!
{
	archiveVersion = 1;
	classes = {
	};
	objectVersion = 77;
	objects = {

/* Begin PBXBuildFile section */
		8573C15B2EDA196000FE0026 /* Nestory-Pro.xctestplan in Resources */ = {isa = PBXBuildFile; fileRef = 8573C15A2EDA196000FE0026 /* Nestory-Pro.xctestplan */; };
		8573C15C2EDA196000FE0026 /* Nestory-Pro.xctestplan in Resources */ = {isa = PBXBuildFile; fileRef = 8573C15A2EDA196000FE0026 /* Nestory-Pro.xctestplan */; };
		8573C15D2EDA196000FE0026 /* Nestory-Pro.xctestplan in Resources */ = {isa = PBXBuildFile; fileRef = 8573C15A2EDA196000FE0026 /* Nestory-Pro.xctestplan */; };
/* End PBXBuildFile section */

/* Begin PBXContainerItemProxy section */
		85B6C29D2ED9E32D006F56EA /* PBXContainerItemProxy */ = {
			isa = PBXContainerItemProxy;
			containerPortal = 85B6C2832ED9E32B006F56EA /* Project object */;
			proxyType = 1;
			remoteGlobalIDString = 85B6C28A2ED9E32B006F56EA;
			remoteInfo = "Nestory-Pro";
		};
		85B6C2A72ED9E32D006F56EA /* PBXContainerItemProxy */ = {
			isa = PBXContainerItemProxy;
			containerPortal = 85B6C2832ED9E32B006F56EA /* Project object */;
			proxyType = 1;
			remoteGlobalIDString = 85B6C28A2ED9E32B006F56EA;
			remoteInfo = "Nestory-Pro";
		};
/* End PBXContainerItemProxy section */

/* Begin PBXFileReference section */
		8573C15A2EDA196000FE0026 /* Nestory-Pro.xctestplan */ = {isa = PBXFileReference; lastKnownFileType = text; path = "Nestory-Pro.xctestplan"; sourceTree = "<group>"; };
		85B6C28B2ED9E32B006F56EA /* Nestory-Pro.app */ = {isa = PBXFileReference; explicitFileType = wrapper.application; includeInIndex = 0; path = "Nestory-Pro.app"; sourceTree = BUILT_PRODUCTS_DIR; };
		85B6C29C2ED9E32D006F56EA /* Nestory-ProTests.xctest */ = {isa = PBXFileReference; explicitFileType = wrapper.cfbundle; includeInIndex = 0; path = "Nestory-ProTests.xctest"; sourceTree = BUILT_PRODUCTS_DIR; };
		85B6C2A62ED9E32D006F56EA /* Nestory-ProUITests.xctest */ = {isa = PBXFileReference; explicitFileType = wrapper.cfbundle; includeInIndex = 0; path = "Nestory-ProUITests.xctest"; sourceTree = BUILT_PRODUCTS_DIR; };
/* End PBXFileReference section */

/* Begin PBXFileSystemSynchronizedBuildFileExceptionSet section */
		85B6C2AE2ED9E32D006F56EA /* Exceptions for "Nestory-Pro" folder in "Nestory-Pro" target */ = {
			isa = PBXFileSystemSynchronizedBuildFileExceptionSet;
			membershipExceptions = (
				Info.plist,
			);
			target = 85B6C28A2ED9E32B006F56EA /* Nestory-Pro */;
		};
/* End PBXFileSystemSynchronizedBuildFileExceptionSet section */

/* Begin PBXFileSystemSynchronizedRootGroup section */
		85B6C28D2ED9E32B006F56EA /* Nestory-Pro */ = {
			isa = PBXFileSystemSynchronizedRootGroup;
			exceptions = (
				85B6C2AE2ED9E32D006F56EA /* Exceptions for "Nestory-Pro" folder in "Nestory-Pro" target */,
			);
			path = "Nestory-Pro";
			sourceTree = "<group>";
		};
		85B6C29F2ED9E32D006F56EA /* Nestory-ProTests */ = {
			isa = PBXFileSystemSynchronizedRootGroup;
			path = "Nestory-ProTests";
			sourceTree = "<group>";
		};
		85B6C2A92ED9E32D006F56EA /* Nestory-ProUITests */ = {
			isa = PBXFileSystemSynchronizedRootGroup;
			path = "Nestory-ProUITests";
			sourceTree = "<group>";
		};
/* End PBXFileSystemSynchronizedRootGroup section */

/* Begin PBXFrameworksBuildPhase section */
		85B6C2882ED9E32B006F56EA /* Frameworks */ = {
			isa = PBXFrameworksBuildPhase;
			buildActionMask = 2147483647;
			files = (
			);
			runOnlyForDeploymentPostprocessing = 0;
		};
		85B6C2992ED9E32D006F56EA /* Frameworks */ = {
			isa = PBXFrameworksBuildPhase;
			buildActionMask = 2147483647;
			files = (
			);
			runOnlyForDeploymentPostprocessing = 0;
		};
		85B6C2A32ED9E32D006F56EA /* Frameworks */ = {
			isa = PBXFrameworksBuildPhase;
			buildActionMask = 2147483647;
			files = (
			);
			runOnlyForDeploymentPostprocessing = 0;
		};
/* End PBXFrameworksBuildPhase section */

/* Begin PBXGroup section */
		85B6C2822ED9E32B006F56EA = {
			isa = PBXGroup;
			children = (
				8573C15A2EDA196000FE0026 /* Nestory-Pro.xctestplan */,
				85B6C28D2ED9E32B006F56EA /* Nestory-Pro */,
				85B6C29F2ED9E32D006F56EA /* Nestory-ProTests */,
				85B6C2A92ED9E32D006F56EA /* Nestory-ProUITests */,
				85B6C28C2ED9E32B006F56EA /* Products */,
			);
			sourceTree = "<group>";
		};
		85B6C28C2ED9E32B006F56EA /* Products */ = {
			isa = PBXGroup;
			children = (
				85B6C28B2ED9E32B006F56EA /* Nestory-Pro.app */,
				85B6C29C2ED9E32D006F56EA /* Nestory-ProTests.xctest */,
				85B6C2A62ED9E32D006F56EA /* Nestory-ProUITests.xctest */,
			);
			name = Products;
			sourceTree = "<group>";
		};
/* End PBXGroup section */

/* Begin PBXNativeTarget section */
		85B6C28A2ED9E32B006F56EA /* Nestory-Pro */ = {
			isa = PBXNativeTarget;
			buildConfigurationList = 85B6C2AF2ED9E32D006F56EA /* Build configuration list for PBXNativeTarget "Nestory-Pro" */;
			buildPhases = (
				85B6C2872ED9E32B006F56EA /* Sources */,
				85B6C2882ED9E32B006F56EA /* Frameworks */,
				85B6C2892ED9E32B006F56EA /* Resources */,
			);
			buildRules = (
			);
			dependencies = (
			);
			fileSystemSynchronizedGroups = (
				85B6C28D2ED9E32B006F56EA /* Nestory-Pro */,
			);
			name = "Nestory-Pro";
			packageProductDependencies = (
			);
			productName = "Nestory-Pro";
			productReference = 85B6C28B2ED9E32B006F56EA /* Nestory-Pro.app */;
			productType = "com.apple.product-type.application";
		};
		85B6C29B2ED9E32D006F56EA /* Nestory-ProTests */ = {
			isa = PBXNativeTarget;
			buildConfigurationList = 85B6C2B42ED9E32D006F56EA /* Build configuration list for PBXNativeTarget "Nestory-ProTests" */;
			buildPhases = (
				85B6C2982ED9E32D006F56EA /* Sources */,
				85B6C2992ED9E32D006F56EA /* Frameworks */,
				85B6C29A2ED9E32D006F56EA /* Resources */,
			);
			buildRules = (
			);
			dependencies = (
				85B6C29E2ED9E32D006F56EA /* PBXTargetDependency */,
			);
			fileSystemSynchronizedGroups = (
				85B6C29F2ED9E32D006F56EA /* Nestory-ProTests */,
			);
			name = "Nestory-ProTests";
			packageProductDependencies = (
			);
			productName = "Nestory-ProTests";
			productReference = 85B6C29C2ED9E32D006F56EA /* Nestory-ProTests.xctest */;
			productType = "com.apple.product-type.bundle.unit-test";
		};
		85B6C2A52ED9E32D006F56EA /* Nestory-ProUITests */ = {
			isa = PBXNativeTarget;
			buildConfigurationList = 85B6C2B72ED9E32D006F56EA /* Build configuration list for PBXNativeTarget "Nestory-ProUITests" */;
			buildPhases = (
				85B6C2A22ED9E32D006F56EA /* Sources */,
				85B6C2A32ED9E32D006F56EA /* Frameworks */,
				85B6C2A42ED9E32D006F56EA /* Resources */,
			);
			buildRules = (
			);
			dependencies = (
				85B6C2A82ED9E32D006F56EA /* PBXTargetDependency */,
			);
			fileSystemSynchronizedGroups = (
				85B6C2A92ED9E32D006F56EA /* Nestory-ProUITests */,
			);
			name = "Nestory-ProUITests";
			packageProductDependencies = (
			);
			productName = "Nestory-ProUITests";
			productReference = 85B6C2A62ED9E32D006F56EA /* Nestory-ProUITests.xctest */;
			productType = "com.apple.product-type.bundle.ui-testing";
		};
/* End PBXNativeTarget section */

/* Begin PBXProject section */
		85B6C2832ED9E32B006F56EA /* Project object */ = {
			isa = PBXProject;
			attributes = {
				BuildIndependentTargetsInParallel = 1;
				LastSwiftUpdateCheck = 2610;
				LastUpgradeCheck = 2610;
				TargetAttributes = {
					85B6C28A2ED9E32B006F56EA = {
						CreatedOnToolsVersion = 26.1.1;
					};
					85B6C29B2ED9E32D006F56EA = {
						CreatedOnToolsVersion = 26.1.1;
						TestTargetID = 85B6C28A2ED9E32B006F56EA;
					};
					85B6C2A52ED9E32D006F56EA = {
						CreatedOnToolsVersion = 26.1.1;
						TestTargetID = 85B6C28A2ED9E32B006F56EA;
					};
				};
			};
			buildConfigurationList = 85B6C2862ED9E32B006F56EA /* Build configuration list for PBXProject "Nestory-Pro" */;
			developmentRegion = en;
			hasScannedForEncodings = 0;
			knownRegions = (
				en,
				Base,
			);
			mainGroup = 85B6C2822ED9E32B006F56EA;
			minimizedProjectReferenceProxies = 1;
			preferredProjectObjectVersion = 77;
			productRefGroup = 85B6C28C2ED9E32B006F56EA /* Products */;
			projectDirPath = "";
			projectRoot = "";
			targets = (
				85B6C28A2ED9E32B006F56EA /* Nestory-Pro */,
				85B6C29B2ED9E32D006F56EA /* Nestory-ProTests */,
				85B6C2A52ED9E32D006F56EA /* Nestory-ProUITests */,
			);
		};
/* End PBXProject section */

/* Begin PBXResourcesBuildPhase section */
		85B6C2892ED9E32B006F56EA /* Resources */ = {
			isa = PBXResourcesBuildPhase;
			buildActionMask = 2147483647;
			files = (
				8573C15D2EDA196000FE0026 /* Nestory-Pro.xctestplan in Resources */,
			);
			runOnlyForDeploymentPostprocessing = 0;
		};
		85B6C29A2ED9E32D006F56EA /* Resources */ = {
			isa = PBXResourcesBuildPhase;
			buildActionMask = 2147483647;
			files = (
				8573C15B2EDA196000FE0026 /* Nestory-Pro.xctestplan in Resources */,
			);
			runOnlyForDeploymentPostprocessing = 0;
		};
		85B6C2A42ED9E32D006F56EA /* Resources */ = {
			isa = PBXResourcesBuildPhase;
			buildActionMask = 2147483647;
			files = (
				8573C15C2EDA196000FE0026 /* Nestory-Pro.xctestplan in Resources */,
			);
			runOnlyForDeploymentPostprocessing = 0;
		};
/* End PBXResourcesBuildPhase section */

/* Begin PBXSourcesBuildPhase section */
		85B6C2872ED9E32B006F56EA /* Sources */ = {
			isa = PBXSourcesBuildPhase;
			buildActionMask = 2147483647;
			files = (
			);
			runOnlyForDeploymentPostprocessing = 0;
		};
		85B6C2982ED9E32D006F56EA /* Sources */ = {
			isa = PBXSourcesBuildPhase;
			buildActionMask = 2147483647;
			files = (
			);
			runOnlyForDeploymentPostprocessing = 0;
		};
		85B6C2A22ED9E32D006F56EA /* Sources */ = {
			isa = PBXSourcesBuildPhase;
			buildActionMask = 2147483647;
			files = (
			);
			runOnlyForDeploymentPostprocessing = 0;
		};
/* End PBXSourcesBuildPhase section */

/* Begin PBXTargetDependency section */
		85B6C29E2ED9E32D006F56EA /* PBXTargetDependency */ = {
			isa = PBXTargetDependency;
			target = 85B6C28A2ED9E32B006F56EA /* Nestory-Pro */;
			targetProxy = 85B6C29D2ED9E32D006F56EA /* PBXContainerItemProxy */;
		};
		85B6C2A82ED9E32D006F56EA /* PBXTargetDependency */ = {
			isa = PBXTargetDependency;
			target = 85B6C28A2ED9E32B006F56EA /* Nestory-Pro */;
			targetProxy = 85B6C2A72ED9E32D006F56EA /* PBXContainerItemProxy */;
		};
/* End PBXTargetDependency section */

/* Begin XCBuildConfiguration section */
		85B6C2B02ED9E32D006F56EA /* Debug */ = {
			isa = XCBuildConfiguration;
			buildSettings = {
				ASSETCATALOG_COMPILER_APPICON_NAME = AppIcon;
				ASSETCATALOG_COMPILER_GLOBAL_ACCENT_COLOR_NAME = AccentColor;
				CODE_SIGN_ENTITLEMENTS = "Nestory-Pro/Nestory_Pro.entitlements";
				CODE_SIGN_STYLE = Automatic;
				CURRENT_PROJECT_VERSION = 1;
				DEVELOPMENT_TEAM = 2VXBQV4XC9;
				ENABLE_PREVIEWS = YES;
				GENERATE_INFOPLIST_FILE = YES;
				INFOPLIST_FILE = "Nestory-Pro/Info.plist";
				INFOPLIST_KEY_UIApplicationSceneManifest_Generation = YES;
				INFOPLIST_KEY_UIApplicationSupportsIndirectInputEvents = YES;
				INFOPLIST_KEY_UILaunchScreen_Generation = YES;
				INFOPLIST_KEY_UISupportedInterfaceOrientations_iPad = "UIInterfaceOrientationPortrait UIInterfaceOrientationPortraitUpsideDown UIInterfaceOrientationLandscapeLeft UIInterfaceOrientationLandscapeRight";
				INFOPLIST_KEY_UISupportedInterfaceOrientations_iPhone = "UIInterfaceOrientationPortrait UIInterfaceOrientationLandscapeLeft UIInterfaceOrientationLandscapeRight";
				LD_RUNPATH_SEARCH_PATHS = (
					"$(inherited)",
					"@executable_path/Frameworks",
				);
				MARKETING_VERSION = 1.0;
				PRODUCT_BUNDLE_IDENTIFIER = "com.drunkonjava.Nestory-Pro";
				PRODUCT_NAME = "$(TARGET_NAME)";
				STRING_CATALOG_GENERATE_SYMBOLS = YES;
				SWIFT_APPROACHABLE_CONCURRENCY = YES;
				SWIFT_DEFAULT_ACTOR_ISOLATION = MainActor;
				SWIFT_EMIT_LOC_STRINGS = YES;
				SWIFT_UPCOMING_FEATURE_MEMBER_IMPORT_VISIBILITY = YES;
				SWIFT_VERSION = 5.0;
				TARGETED_DEVICE_FAMILY = "1,2";
			};
			name = Debug;
		};
		85B6C2B12ED9E32D006F56EA /* Release */ = {
			isa = XCBuildConfiguration;
			buildSettings = {
				ASSETCATALOG_COMPILER_APPICON_NAME = AppIcon;
				ASSETCATALOG_COMPILER_GLOBAL_ACCENT_COLOR_NAME = AccentColor;
				CODE_SIGN_ENTITLEMENTS = "Nestory-Pro/Nestory_Pro.entitlements";
				CODE_SIGN_STYLE = Automatic;
				CURRENT_PROJECT_VERSION = 1;
				DEVELOPMENT_TEAM = 2VXBQV4XC9;
				ENABLE_PREVIEWS = YES;
				GENERATE_INFOPLIST_FILE = YES;
				INFOPLIST_FILE = "Nestory-Pro/Info.plist";
				INFOPLIST_KEY_UIApplicationSceneManifest_Generation = YES;
				INFOPLIST_KEY_UIApplicationSupportsIndirectInputEvents = YES;
				INFOPLIST_KEY_UILaunchScreen_Generation = YES;
				INFOPLIST_KEY_UISupportedInterfaceOrientations_iPad = "UIInterfaceOrientationPortrait UIInterfaceOrientationPortraitUpsideDown UIInterfaceOrientationLandscapeLeft UIInterfaceOrientationLandscapeRight";
				INFOPLIST_KEY_UISupportedInterfaceOrientations_iPhone = "UIInterfaceOrientationPortrait UIInterfaceOrientationLandscapeLeft UIInterfaceOrientationLandscapeRight";
				LD_RUNPATH_SEARCH_PATHS = (
					"$(inherited)",
					"@executable_path/Frameworks",
				);
				MARKETING_VERSION = 1.0;
				PRODUCT_BUNDLE_IDENTIFIER = "com.drunkonjava.Nestory-Pro";
				PRODUCT_NAME = "$(TARGET_NAME)";
				STRING_CATALOG_GENERATE_SYMBOLS = YES;
				SWIFT_APPROACHABLE_CONCURRENCY = YES;
				SWIFT_DEFAULT_ACTOR_ISOLATION = MainActor;
				SWIFT_EMIT_LOC_STRINGS = YES;
				SWIFT_UPCOMING_FEATURE_MEMBER_IMPORT_VISIBILITY = YES;
				SWIFT_VERSION = 5.0;
				TARGETED_DEVICE_FAMILY = "1,2";
			};
			name = Release;
		};
		85B6C2B22ED9E32D006F56EA /* Debug */ = {
			isa = XCBuildConfiguration;
			buildSettings = {
				ALWAYS_SEARCH_USER_PATHS = NO;
				ASSETCATALOG_COMPILER_GENERATE_SWIFT_ASSET_SYMBOL_EXTENSIONS = YES;
				CLANG_ANALYZER_NONNULL = YES;
				CLANG_ANALYZER_NUMBER_OBJECT_CONVERSION = YES_AGGRESSIVE;
				CLANG_CXX_LANGUAGE_STANDARD = "gnu++20";
				CLANG_ENABLE_MODULES = YES;
				CLANG_ENABLE_OBJC_ARC = YES;
				CLANG_ENABLE_OBJC_WEAK = YES;
				CLANG_WARN_BLOCK_CAPTURE_AUTORELEASING = YES;
				CLANG_WARN_BOOL_CONVERSION = YES;
				CLANG_WARN_COMMA = YES;
				CLANG_WARN_CONSTANT_CONVERSION = YES;
				CLANG_WARN_DEPRECATED_OBJC_IMPLEMENTATIONS = YES;
				CLANG_WARN_DIRECT_OBJC_ISA_USAGE = YES_ERROR;
				CLANG_WARN_DOCUMENTATION_COMMENTS = YES;
				CLANG_WARN_EMPTY_BODY = YES;
				CLANG_WARN_ENUM_CONVERSION = YES;
				CLANG_WARN_INFINITE_RECURSION = YES;
				CLANG_WARN_INT_CONVERSION = YES;
				CLANG_WARN_NON_LITERAL_NULL_CONVERSION = YES;
				CLANG_WARN_OBJC_IMPLICIT_RETAIN_SELF = YES;
				CLANG_WARN_OBJC_LITERAL_CONVERSION = YES;
				CLANG_WARN_OBJC_ROOT_CLASS = YES_ERROR;
				CLANG_WARN_QUOTED_INCLUDE_IN_FRAMEWORK_HEADER = YES;
				CLANG_WARN_RANGE_LOOP_ANALYSIS = YES;
				CLANG_WARN_STRICT_PROTOTYPES = YES;
				CLANG_WARN_SUSPICIOUS_MOVE = YES;
				CLANG_WARN_UNGUARDED_AVAILABILITY = YES_AGGRESSIVE;
				CLANG_WARN_UNREACHABLE_CODE = YES;
				CLANG_WARN__DUPLICATE_METHOD_MATCH = YES;
				COPY_PHASE_STRIP = NO;
				DEBUG_INFORMATION_FORMAT = dwarf;
				DEVELOPMENT_TEAM = 2VXBQV4XC9;
				ENABLE_STRICT_OBJC_MSGSEND = YES;
				ENABLE_TESTABILITY = YES;
				ENABLE_USER_SCRIPT_SANDBOXING = YES;
				GCC_C_LANGUAGE_STANDARD = gnu17;
				GCC_DYNAMIC_NO_PIC = NO;
				GCC_NO_COMMON_BLOCKS = YES;
				GCC_OPTIMIZATION_LEVEL = 0;
				GCC_PREPROCESSOR_DEFINITIONS = (
					"DEBUG=1",
					"$(inherited)",
				);
				GCC_WARN_64_TO_32_BIT_CONVERSION = YES;
				GCC_WARN_ABOUT_RETURN_TYPE = YES_ERROR;
				GCC_WARN_UNDECLARED_SELECTOR = YES;
				GCC_WARN_UNINITIALIZED_AUTOS = YES_AGGRESSIVE;
				GCC_WARN_UNUSED_FUNCTION = YES;
				GCC_WARN_UNUSED_VARIABLE = YES;
				IPHONEOS_DEPLOYMENT_TARGET = 26.1;
				LOCALIZATION_PREFERS_STRING_CATALOGS = YES;
				MTL_ENABLE_DEBUG_INFO = INCLUDE_SOURCE;
				MTL_FAST_MATH = YES;
				ONLY_ACTIVE_ARCH = YES;
				SDKROOT = iphoneos;
				SWIFT_ACTIVE_COMPILATION_CONDITIONS = "DEBUG $(inherited)";
				SWIFT_OPTIMIZATION_LEVEL = "-Onone";
			};
			name = Debug;
		};
		85B6C2B32ED9E32D006F56EA /* Release */ = {
			isa = XCBuildConfiguration;
			buildSettings = {
				ALWAYS_SEARCH_USER_PATHS = NO;
				ASSETCATALOG_COMPILER_GENERATE_SWIFT_ASSET_SYMBOL_EXTENSIONS = YES;
				CLANG_ANALYZER_NONNULL = YES;
				CLANG_ANALYZER_NUMBER_OBJECT_CONVERSION = YES_AGGRESSIVE;
				CLANG_CXX_LANGUAGE_STANDARD = "gnu++20";
				CLANG_ENABLE_MODULES = YES;
				CLANG_ENABLE_OBJC_ARC = YES;
				CLANG_ENABLE_OBJC_WEAK = YES;
				CLANG_WARN_BLOCK_CAPTURE_AUTORELEASING = YES;
				CLANG_WARN_BOOL_CONVERSION = YES;
				CLANG_WARN_COMMA = YES;
				CLANG_WARN_CONSTANT_CONVERSION = YES;
				CLANG_WARN_DEPRECATED_OBJC_IMPLEMENTATIONS = YES;
				CLANG_WARN_DIRECT_OBJC_ISA_USAGE = YES_ERROR;
				CLANG_WARN_DOCUMENTATION_COMMENTS = YES;
				CLANG_WARN_EMPTY_BODY = YES;
				CLANG_WARN_ENUM_CONVERSION = YES;
				CLANG_WARN_INFINITE_RECURSION = YES;
				CLANG_WARN_INT_CONVERSION = YES;
				CLANG_WARN_NON_LITERAL_NULL_CONVERSION = YES;
				CLANG_WARN_OBJC_IMPLICIT_RETAIN_SELF = YES;
				CLANG_WARN_OBJC_LITERAL_CONVERSION = YES;
				CLANG_WARN_OBJC_ROOT_CLASS = YES_ERROR;
				CLANG_WARN_QUOTED_INCLUDE_IN_FRAMEWORK_HEADER = YES;
				CLANG_WARN_RANGE_LOOP_ANALYSIS = YES;
				CLANG_WARN_STRICT_PROTOTYPES = YES;
				CLANG_WARN_SUSPICIOUS_MOVE = YES;
				CLANG_WARN_UNGUARDED_AVAILABILITY = YES_AGGRESSIVE;
				CLANG_WARN_UNREACHABLE_CODE = YES;
				CLANG_WARN__DUPLICATE_METHOD_MATCH = YES;
				COPY_PHASE_STRIP = NO;
				DEBUG_INFORMATION_FORMAT = "dwarf-with-dsym";
				DEVELOPMENT_TEAM = 2VXBQV4XC9;
				ENABLE_NS_ASSERTIONS = NO;
				ENABLE_STRICT_OBJC_MSGSEND = YES;
				ENABLE_USER_SCRIPT_SANDBOXING = YES;
				GCC_C_LANGUAGE_STANDARD = gnu17;
				GCC_NO_COMMON_BLOCKS = YES;
				GCC_WARN_64_TO_32_BIT_CONVERSION = YES;
				GCC_WARN_ABOUT_RETURN_TYPE = YES_ERROR;
				GCC_WARN_UNDECLARED_SELECTOR = YES;
				GCC_WARN_UNINITIALIZED_AUTOS = YES_AGGRESSIVE;
				GCC_WARN_UNUSED_FUNCTION = YES;
				GCC_WARN_UNUSED_VARIABLE = YES;
				IPHONEOS_DEPLOYMENT_TARGET = 26.1;
				LOCALIZATION_PREFERS_STRING_CATALOGS = YES;
				MTL_ENABLE_DEBUG_INFO = NO;
				MTL_FAST_MATH = YES;
				SDKROOT = iphoneos;
				SWIFT_COMPILATION_MODE = wholemodule;
				VALIDATE_PRODUCT = YES;
			};
			name = Release;
		};
		85B6C2B52ED9E32D006F56EA /* Debug */ = {
			isa = XCBuildConfiguration;
			buildSettings = {
				BUNDLE_LOADER = "$(TEST_HOST)";
				CODE_SIGN_STYLE = Automatic;
				CURRENT_PROJECT_VERSION = 1;
				DEVELOPMENT_TEAM = 2VXBQV4XC9;
				GENERATE_INFOPLIST_FILE = YES;
				IPHONEOS_DEPLOYMENT_TARGET = 26.1;
				MARKETING_VERSION = 1.0;
				PRODUCT_BUNDLE_IDENTIFIER = "com.drunkonjava.Nestory-ProTests";
				PRODUCT_NAME = "$(TARGET_NAME)";
				STRING_CATALOG_GENERATE_SYMBOLS = NO;
				SWIFT_APPROACHABLE_CONCURRENCY = YES;
				SWIFT_EMIT_LOC_STRINGS = NO;
				SWIFT_UPCOMING_FEATURE_MEMBER_IMPORT_VISIBILITY = YES;
				SWIFT_VERSION = 5.0;
				TARGETED_DEVICE_FAMILY = "1,2";
				TEST_HOST = "$(BUILT_PRODUCTS_DIR)/Nestory-Pro.app/$(BUNDLE_EXECUTABLE_FOLDER_PATH)/Nestory-Pro";
			};
			name = Debug;
		};
		85B6C2B62ED9E32D006F56EA /* Release */ = {
			isa = XCBuildConfiguration;
			buildSettings = {
				BUNDLE_LOADER = "$(TEST_HOST)";
				CODE_SIGN_STYLE = Automatic;
				CURRENT_PROJECT_VERSION = 1;
				DEVELOPMENT_TEAM = 2VXBQV4XC9;
				GENERATE_INFOPLIST_FILE = YES;
				IPHONEOS_DEPLOYMENT_TARGET = 26.1;
				MARKETING_VERSION = 1.0;
				PRODUCT_BUNDLE_IDENTIFIER = "com.drunkonjava.Nestory-ProTests";
				PRODUCT_NAME = "$(TARGET_NAME)";
				STRING_CATALOG_GENERATE_SYMBOLS = NO;
				SWIFT_APPROACHABLE_CONCURRENCY = YES;
				SWIFT_EMIT_LOC_STRINGS = NO;
				SWIFT_UPCOMING_FEATURE_MEMBER_IMPORT_VISIBILITY = YES;
				SWIFT_VERSION = 5.0;
				TARGETED_DEVICE_FAMILY = "1,2";
				TEST_HOST = "$(BUILT_PRODUCTS_DIR)/Nestory-Pro.app/$(BUNDLE_EXECUTABLE_FOLDER_PATH)/Nestory-Pro";
			};
			name = Release;
		};
		85B6C2B82ED9E32D006F56EA /* Debug */ = {
			isa = XCBuildConfiguration;
			buildSettings = {
				CODE_SIGN_STYLE = Automatic;
				CURRENT_PROJECT_VERSION = 1;
				DEVELOPMENT_TEAM = 2VXBQV4XC9;
				GENERATE_INFOPLIST_FILE = YES;
				MARKETING_VERSION = 1.0;
				PRODUCT_BUNDLE_IDENTIFIER = "com.drunkonjava.Nestory-ProUITests";
				PRODUCT_NAME = "$(TARGET_NAME)";
				STRING_CATALOG_GENERATE_SYMBOLS = NO;
				SWIFT_APPROACHABLE_CONCURRENCY = YES;
				SWIFT_EMIT_LOC_STRINGS = NO;
				SWIFT_UPCOMING_FEATURE_MEMBER_IMPORT_VISIBILITY = YES;
				SWIFT_VERSION = 5.0;
				TARGETED_DEVICE_FAMILY = "1,2";
				TEST_TARGET_NAME = "Nestory-Pro";
			};
			name = Debug;
		};
		85B6C2B92ED9E32D006F56EA /* Release */ = {
			isa = XCBuildConfiguration;
			buildSettings = {
				CODE_SIGN_STYLE = Automatic;
				CURRENT_PROJECT_VERSION = 1;
				DEVELOPMENT_TEAM = 2VXBQV4XC9;
				GENERATE_INFOPLIST_FILE = YES;
				MARKETING_VERSION = 1.0;
				PRODUCT_BUNDLE_IDENTIFIER = "com.drunkonjava.Nestory-ProUITests";
				PRODUCT_NAME = "$(TARGET_NAME)";
				STRING_CATALOG_GENERATE_SYMBOLS = NO;
				SWIFT_APPROACHABLE_CONCURRENCY = YES;
				SWIFT_EMIT_LOC_STRINGS = NO;
				SWIFT_UPCOMING_FEATURE_MEMBER_IMPORT_VISIBILITY = YES;
				SWIFT_VERSION = 5.0;
				TARGETED_DEVICE_FAMILY = "1,2";
				TEST_TARGET_NAME = "Nestory-Pro";
			};
			name = Release;
		};
/* End XCBuildConfiguration section */

/* Begin XCConfigurationList section */
		85B6C2862ED9E32B006F56EA /* Build configuration list for PBXProject "Nestory-Pro" */ = {
			isa = XCConfigurationList;
			buildConfigurations = (
				85B6C2B22ED9E32D006F56EA /* Debug */,
				85B6C2B32ED9E32D006F56EA /* Release */,
			);
			defaultConfigurationIsVisible = 0;
			defaultConfigurationName = Release;
		};
		85B6C2AF2ED9E32D006F56EA /* Build configuration list for PBXNativeTarget "Nestory-Pro" */ = {
			isa = XCConfigurationList;
			buildConfigurations = (
				85B6C2B02ED9E32D006F56EA /* Debug */,
				85B6C2B12ED9E32D006F56EA /* Release */,
			);
			defaultConfigurationIsVisible = 0;
			defaultConfigurationName = Release;
		};
		85B6C2B42ED9E32D006F56EA /* Build configuration list for PBXNativeTarget "Nestory-ProTests" */ = {
			isa = XCConfigurationList;
			buildConfigurations = (
				85B6C2B52ED9E32D006F56EA /* Debug */,
				85B6C2B62ED9E32D006F56EA /* Release */,
			);
			defaultConfigurationIsVisible = 0;
			defaultConfigurationName = Release;
		};
		85B6C2B72ED9E32D006F56EA /* Build configuration list for PBXNativeTarget "Nestory-ProUITests" */ = {
			isa = XCConfigurationList;
			buildConfigurations = (
				85B6C2B82ED9E32D006F56EA /* Debug */,
				85B6C2B92ED9E32D006F56EA /* Release */,
			);
			defaultConfigurationIsVisible = 0;
			defaultConfigurationName = Release;
		};
/* End XCConfigurationList section */
	};
	rootObject = 85B6C2832ED9E32B006F56EA /* Project object */;
}
